Microsoft Visual Studio Solution File, Format Version 12.00
# Visual Studio Version 16
VisualStudioVersion = 16.0.28621.142
MinimumVisualStudioVersion = 10.0.40219.1
Project("{9A19103F-16F7-4668-BE54-9A1E7A4F7556}") = "ServerSide", "Source\ServerSide\ServerSide.csproj", "{C0F22D0D-3E17-4EDD-8D2F-5598238C7BF5}"
EndProject
Project("{9A19103F-16F7-4668-BE54-9A1E7A4F7556}") = "ClientSide", "Source\ClientSide\ClientSide.csproj", "{ABE9713E-8B2B-48F4-9156-820A0BDC3285}"
EndProject
Project("{2150E333-8FDC-42A3-9474-1A3956D46DE8}") = "Resource", "Resource", "{3BAE3D07-C859-4665-B92B-786ECB449FE8}"
EndProject
Project("{2150E333-8FDC-42A3-9474-1A3956D46DE8}") = "SlipeWPF", "SlipeWPF", "{D291B6FC-B709-48AF-B14E-FB9551808756}"
EndProject
Project("{9A19103F-16F7-4668-BE54-9A1E7A4F7556}") = "WpfCoreTest", "Source\WpfCoreTest\WpfCoreTest.csproj", "{9EAF2256-4AAB-4891-B5B4-7D7AD651D5E9}"
EndProject
Project("{9A19103F-16F7-4668-BE54-9A1E7A4F7556}") = "WpfRenderer", "Modules\SlipeWPF\Source\WpfRenderer\WpfRenderer.csproj", "{2606C5E0-AA10-4765-8DFA-493ACF7C8E7D}"
EndProject
Global
	GlobalSection(SolutionConfigurationPlatforms) = preSolution
		Debug|Any CPU = Debug|Any CPU
		Release|Any CPU = Release|Any CPU
	EndGlobalSection
	GlobalSection(ProjectConfigurationPlatforms) = postSolution
		{C0F22D0D-3E17-4EDD-8D2F-5598238C7BF5}.Debug|Any CPU.ActiveCfg = Debug|Any CPU
		{C0F22D0D-3E17-4EDD-8D2F-5598238C7BF5}.Debug|Any CPU.Build.0 = Debug|Any CPU
		{C0F22D0D-3E17-4EDD-8D2F-5598238C7BF5}.Release|Any CPU.ActiveCfg = Release|Any CPU
		{C0F22D0D-3E17-4EDD-8D2F-5598238C7BF5}.Release|Any CPU.Build.0 = Release|Any CPU
		{ABE9713E-8B2B-48F4-9156-820A0BDC3285}.Debug|Any CPU.ActiveCfg = Debug|Any CPU
		{ABE9713E-8B2B-48F4-9156-820A0BDC3285}.Debug|Any CPU.Build.0 = Debug|Any CPU
		{ABE9713E-8B2B-48F4-9156-820A0BDC3285}.Release|Any CPU.ActiveCfg = Release|Any CPU
		{ABE9713E-8B2B-48F4-9156-820A0BDC3285}.Release|Any CPU.Build.0 = Release|Any CPU
		{9EAF2256-4AAB-4891-B5B4-7D7AD651D5E9}.Debug|Any CPU.ActiveCfg = Debug|Any CPU
		{9EAF2256-4AAB-4891-B5B4-7D7AD651D5E9}.Debug|Any CPU.Build.0 = Debug|Any CPU
		{9EAF2256-4AAB-4891-B5B4-7D7AD651D5E9}.Release|Any CPU.ActiveCfg = Release|Any CPU
		{9EAF2256-4AAB-4891-B5B4-7D7AD651D5E9}.Release|Any CPU.Build.0 = Release|Any CPU
		{2606C5E0-AA10-4765-8DFA-493ACF7C8E7D}.Debug|Any CPU.ActiveCfg = Debug|Any CPU
		{2606C5E0-AA10-4765-8DFA-493ACF7C8E7D}.Debug|Any CPU.Build.0 = Debug|Any CPU
		{2606C5E0-AA10-4765-8DFA-493ACF7C8E7D}.Release|Any CPU.ActiveCfg = Release|Any CPU
		{2606C5E0-AA10-4765-8DFA-493ACF7C8E7D}.Release|Any CPU.Build.0 = Release|Any CPU
	EndGlobalSection
	GlobalSection(SolutionProperties) = preSolution
		HideSolutionNode = FALSE
	EndGlobalSection
	GlobalSection(NestedProjects) = preSolution
		{C0F22D0D-3E17-4EDD-8D2F-5598238C7BF5} = {3BAE3D07-C859-4665-B92B-786ECB449FE8}
		{ABE9713E-8B2B-48F4-9156-820A0BDC3285} = {3BAE3D07-C859-4665-B92B-786ECB449FE8}
		{9EAF2256-4AAB-4891-B5B4-7D7AD651D5E9} = {3BAE3D07-C859-4665-B92B-786ECB449FE8}
		{2606C5E0-AA10-4765-8DFA-493ACF7C8E7D} = {D291B6FC-B709-48AF-B14E-FB9551808756}
	EndGlobalSection
	GlobalSection(ExtensibilityGlobals) = postSolution
		SolutionGuid = {8A90CAD4-53BE-4856-8024-F10959030200}
	EndGlobalSection
EndGlobal
